
Microsoft Visual Studio Solution File, Format Version 12.00
# Visual Studio Version 18
VisualStudioVersion = 18.6.11806.211
MinimumVisualStudioVersion = 10.0.40219.1
Project("{FAE04EC0-301F-11D3-BF4B-00C04F79EFBC}") = "Brandt", "Brandt.csproj", "{D1791EAD-E65E-7CDC-C99E-246AB854B200}"
EndProject
Global
	GlobalSection(SolutionConfigurationPlatforms) = preSolution
		Debug|Any CPU = Debug|Any CPU
		Release|Any CPU = Release|Any CPU
	EndGlobalSection
	GlobalSection(ProjectConfigurationPlatforms) = postSolution
		{D1791EAD-E65E-7CDC-C99E-246AB854B200}.Debug|Any CPU.ActiveCfg = Debug|Any CPU
		{D1791EAD-E65E-7CDC-C99E-246AB854B200}.Debug|Any CPU.Build.0 = Debug|Any CPU
		{D1791EAD-E65E-7CDC-C99E-246AB854B200}.Release|Any CPU.ActiveCfg = Release|Any CPU
		{D1791EAD-E65E-7CDC-C99E-246AB854B200}.Release|Any CPU.Build.0 = Release|Any CPU
	EndGlobalSection
	GlobalSection(SolutionProperties) = preSolution
		HideSolutionNode = FALSE
	EndGlobalSection
	GlobalSection(ExtensibilityGlobals) = postSolution
		SolutionGuid = {19F1AE4A-6580-4624-9E6D-2038A0EA1399}
	EndGlobalSection
EndGlobal
